
Microsoft Visual Studio Solution File, Format Version 12.00
# Visual Studio 15
VisualStudioVersion = 15.0.28307.168
MinimumVisualStudioVersion = 10.0.40219.1
Project("{FAE04EC0-301F-11D3-BF4B-00C04F79EFBC}") = "ArconClientPort.Android", "ArconClientPort\ArconClientPort.Android\ArconClientPort.Android.csproj", "{24CE3C36-16B9-426D-AA0C-5961ECF8D88C}"
EndProject
Project("{FAE04EC0-301F-11D3-BF4B-00C04F79EFBC}") = "ArconClientPort.iOS", "ArconClientPort\ArconClientPort.iOS\ArconClientPort.iOS.csproj", "{451FBE87-05E2-449F-8CDB-1FF76470BBF0}"
EndProject
Project("{FAE04EC0-301F-11D3-BF4B-00C04F79EFBC}") = "ArconClientPort.MobileAppService", "ArconClientPort\ArconClientPort.MobileAppService\ArconClientPort.MobileAppService.csproj", "{E7284D51-6F2C-4150-AAB7-616456F1EFEE}"
EndProject
Project("{FAE04EC0-301F-11D3-BF4B-00C04F79EFBC}") = "ArconClientPort", "ArconClientPort\ArconClientPort\ArconClientPort.csproj", "{F9B3C403-93B9-4179-976D-8C0D30143A6A}"
EndProject
Global
	GlobalSection(SolutionConfigurationPlatforms) = preSolution
		Debug|Any CPU = Debug|Any CPU
		Debug|iPhone = Debug|iPhone
		Debug|iPhoneSimulator = Debug|iPhoneSimulator
		Release|Any CPU = Release|Any CPU
		Release|iPhone = Release|iPhone
		Release|iPhoneSimulator = Release|iPhoneSimulator
	EndGlobalSection
	GlobalSection(ProjectConfigurationPlatforms) = postSolution
		{24CE3C36-16B9-426D-AA0C-5961ECF8D88C}.Debug|Any CPU.ActiveCfg = Debug|Any CPU
		{24CE3C36-16B9-426D-AA0C-5961ECF8D88C}.Debug|Any CPU.Build.0 = Debug|Any CPU
		{24CE3C36-16B9-426D-AA0C-5961ECF8D88C}.Debug|Any CPU.Deploy.0 = Debug|Any CPU
		{24CE3C36-16B9-426D-AA0C-5961ECF8D88C}.Debug|iPhone.ActiveCfg = Debug|Any CPU
		{24CE3C36-16B9-426D-AA0C-5961ECF8D88C}.Debug|iPhone.Build.0 = Debug|Any CPU
		{24CE3C36-16B9-426D-AA0C-5961ECF8D88C}.Debug|iPhone.Deploy.0 = Debug|Any CPU
		{24CE3C36-16B9-426D-AA0C-5961ECF8D88C}.Debug|iPhoneSimulator.ActiveCfg = Debug|Any CPU
		{24CE3C36-16B9-426D-AA0C-5961ECF8D88C}.Debug|iPhoneSimulator.Build.0 = Debug|Any CPU
		{24CE3C36-16B9-426D-AA0C-5961ECF8D88C}.Debug|iPhoneSimulator.Deploy.0 = Debug|Any CPU
		{24CE3C36-16B9-426D-AA0C-5961ECF8D88C}.Release|Any CPU.ActiveCfg = Release|Any CPU
		{24CE3C36-16B9-426D-AA0C-5961ECF8D88C}.Release|Any CPU.Build.0 = Release|Any CPU
		{24CE3C36-16B9-426D-AA0C-5961ECF8D88C}.Release|Any CPU.Deploy.0 = Release|Any CPU
		{24CE3C36-16B9-426D-AA0C-5961ECF8D88C}.Release|iPhone.ActiveCfg = Release|Any CPU
		{24CE3C36-16B9-426D-AA0C-5961ECF8D88C}.Release|iPhone.Build.0 = Release|Any CPU
		{24CE3C36-16B9-426D-AA0C-5961ECF8D88C}.Release|iPhone.Deploy.0 = Release|Any CPU
		{24CE3C36-16B9-426D-AA0C-5961ECF8D88C}.Release|iPhoneSimulator.ActiveCfg = Release|Any CPU
		{24CE3C36-16B9-426D-AA0C-5961ECF8D88C}.Release|iPhoneSimulator.Build.0 = Release|Any CPU
		{24CE3C36-16B9-426D-AA0C-5961ECF8D88C}.Release|iPhoneSimulator.Deploy.0 = Release|Any CPU
		{451FBE87-05E2-449F-8CDB-1FF76470BBF0}.Debug|Any CPU.ActiveCfg = Debug|iPhoneSimulator
		{451FBE87-05E2-449F-8CDB-1FF76470BBF0}.Debug|Any CPU.Build.0 = Debug|iPhoneSimulator
		{451FBE87-05E2-449F-8CDB-1FF76470BBF0}.Debug|Any CPU.Deploy.0 = Debug|iPhoneSimulator
		{451FBE87-05E2-449F-8CDB-1FF76470BBF0}.Debug|iPhone.ActiveCfg = Debug|iPhone
		{451FBE87-05E2-449F-8CDB-1FF76470BBF0}.Debug|iPhone.Build.0 = Debug|iPhone
		{451FBE87-05E2-449F-8CDB-1FF76470BBF0}.Debug|iPhone.Deploy.0 = Debug|iPhone
		{451FBE87-05E2-449F-8CDB-1FF76470BBF0}.Debug|iPhoneSimulator.ActiveCfg = Debug|iPhoneSimulator
		{451FBE87-05E2-449F-8CDB-1FF76470BBF0}.Debug|iPhoneSimulator.Build.0 = Debug|iPhoneSimulator
		{451FBE87-05E2-449F-8CDB-1FF76470BBF0}.Debug|iPhoneSimulator.Deploy.0 = Debug|iPhoneSimulator
		{451FBE87-05E2-449F-8CDB-1FF76470BBF0}.Release|Any CPU.ActiveCfg = Release|iPhone
		{451FBE87-05E2-449F-8CDB-1FF76470BBF0}.Release|Any CPU.Build.0 = Release|iPhone
		{451FBE87-05E2-449F-8CDB-1FF76470BBF0}.Release|Any CPU.Deploy.0 = Release|iPhone
		{451FBE87-05E2-449F-8CDB-1FF76470BBF0}.Release|iPhone.ActiveCfg = Release|iPhone
		{451FBE87-05E2-449F-8CDB-1FF76470BBF0}.Release|iPhone.Build.0 = Release|iPhone
		{451FBE87-05E2-449F-8CDB-1FF76470BBF0}.Release|iPhone.Deploy.0 = Release|iPhone
		{451FBE87-05E2-449F-8CDB-1FF76470BBF0}.Release|iPhoneSimulator.ActiveCfg = Release|iPhoneSimulator
		{451FBE87-05E2-449F-8CDB-1FF76470BBF0}.Release|iPhoneSimulator.Build.0 = Release|iPhoneSimulator
		{451FBE87-05E2-449F-8CDB-1FF76470BBF0}.Release|iPhoneSimulator.Deploy.0 = Release|iPhoneSimulator
		{E7284D51-6F2C-4150-AAB7-616456F1EFEE}.Debug|Any CPU.ActiveCfg = Debug|Any CPU
		{E7284D51-6F2C-4150-AAB7-616456F1EFEE}.Debug|Any CPU.Build.0 = Debug|Any CPU
		{E7284D51-6F2C-4150-AAB7-616456F1EFEE}.Debug|Any CPU.Deploy.0 = Debug|Any CPU
		{E7284D51-6F2C-4150-AAB7-616456F1EFEE}.Debug|iPhone.ActiveCfg = Debug|Any CPU
		{E7284D51-6F2C-4150-AAB7-616456F1EFEE}.Debug|iPhone.Build.0 = Debug|Any CPU
		{E7284D51-6F2C-4150-AAB7-616456F1EFEE}.Debug|iPhone.Deploy.0 = Debug|Any CPU
		{E7284D51-6F2C-4150-AAB7-616456F1EFEE}.Debug|iPhoneSimulator.ActiveCfg = Debug|Any CPU
		{E7284D51-6F2C-4150-AAB7-616456F1EFEE}.Debug|iPhoneSimulator.Build.0 = Debug|Any CPU
		{E7284D51-6F2C-4150-AAB7-616456F1EFEE}.Debug|iPhoneSimulator.Deploy.0 = Debug|Any CPU
		{E7284D51-6F2C-4150-AAB7-616456F1EFEE}.Release|Any CPU.ActiveCfg = Release|Any CPU
		{E7284D51-6F2C-4150-AAB7-616456F1EFEE}.Release|Any CPU.Build.0 = Release|Any CPU
		{E7284D51-6F2C-4150-AAB7-616456F1EFEE}.Release|Any CPU.Deploy.0 = Release|Any CPU
		{E7284D51-6F2C-4150-AAB7-616456F1EFEE}.Release|iPhone.ActiveCfg = Release|Any CPU
		{E7284D51-6F2C-4150-AAB7-616456F1EFEE}.Release|iPhone.Build.0 = Release|Any CPU
		{E7284D51-6F2C-4150-AAB7-616456F1EFEE}.Release|iPhone.Deploy.0 = Release|Any CPU
		{E7284D51-6F2C-4150-AAB7-616456F1EFEE}.Release|iPhoneSimulator.ActiveCfg = Release|Any CPU
		{E7284D51-6F2C-4150-AAB7-616456F1EFEE}.Release|iPhoneSimulator.Build.0 = Release|Any CPU
		{E7284D51-6F2C-4150-AAB7-616456F1EFEE}.Release|iPhoneSimulator.Deploy.0 = Release|Any CPU
		{F9B3C403-93B9-4179-976D-8C0D30143A6A}.Debug|Any CPU.ActiveCfg = Debug|Any CPU
		{F9B3C403-93B9-4179-976D-8C0D30143A6A}.Debug|Any CPU.Build.0 = Debug|Any CPU
		{F9B3C403-93B9-4179-976D-8C0D30143A6A}.Debug|Any CPU.Deploy.0 = Debug|Any CPU
		{F9B3C403-93B9-4179-976D-8C0D30143A6A}.Debug|iPhone.ActiveCfg = Debug|Any CPU
		{F9B3C403-93B9-4179-976D-8C0D30143A6A}.Debug|iPhone.Build.0 = Debug|Any CPU
		{F9B3C403-93B9-4179-976D-8C0D30143A6A}.Debug|iPhone.Deploy.0 = Debug|Any CPU
		{F9B3C403-93B9-4179-976D-8C0D30143A6A}.Debug|iPhoneSimulator.ActiveCfg = Debug|Any CPU
		{F9B3C403-93B9-4179-976D-8C0D30143A6A}.Debug|iPhoneSimulator.Build.0 = Debug|Any CPU
		{F9B3C403-93B9-4179-976D-8C0D30143A6A}.Debug|iPhoneSimulator.Deploy.0 = Debug|Any CPU
		{F9B3C403-93B9-4179-976D-8C0D30143A6A}.Release|Any CPU.ActiveCfg = Release|Any CPU
		{F9B3C403-93B9-4179-976D-8C0D30143A6A}.Release|Any CPU.Build.0 = Release|Any CPU
		{F9B3C403-93B9-4179-976D-8C0D30143A6A}.Release|Any CPU.Deploy.0 = Release|Any CPU
		{F9B3C403-93B9-4179-976D-8C0D30143A6A}.Release|iPhone.ActiveCfg = Release|Any CPU
		{F9B3C403-93B9-4179-976D-8C0D30143A6A}.Release|iPhone.Build.0 = Release|Any CPU
		{F9B3C403-93B9-4179-976D-8C0D30143A6A}.Release|iPhone.Deploy.0 = Release|Any CPU
		{F9B3C403-93B9-4179-976D-8C0D30143A6A}.Release|iPhoneSimulator.ActiveCfg = Release|Any CPU
		{F9B3C403-93B9-4179-976D-8C0D30143A6A}.Release|iPhoneSimulator.Build.0 = Release|Any CPU
		{F9B3C403-93B9-4179-976D-8C0D30143A6A}.Release|iPhoneSimulator.Deploy.0 = Release|Any CPU
	EndGlobalSection
	GlobalSection(SolutionProperties) = preSolution
		HideSolutionNode = FALSE
	EndGlobalSection
	GlobalSection(ExtensibilityGlobals) = postSolution
		SolutionGuid = {1CE0F81D-950F-4791-A9C9-AEF71F29537A}
	EndGlobalSection
EndGlobal
